// !$*UTF8*$!
{
	archiveVersion = 1;
	classes = {
	};
	objectVersion = 48;
	objects = {

/* Begin PBXBuildFile section */
		338AD746216EE9B50054AD36 /* AppDelegate.m in Sources */ = {isa = PBXBuildFile; fileRef = 338AD745216EE9B50054AD36 /* AppDelegate.m */; };
		338AD749216EE9B50054AD36 /* ViewController.m in Sources */ = {isa = PBXBuildFile; fileRef = 338AD748216EE9B50054AD36 /* ViewController.m */; };
		338AD74C216EE9B50054AD36 /* Main.storyboard in Resources */ = {isa = PBXBuildFile; fileRef = 338AD74A216EE9B50054AD36 /* Main.storyboard */; };
		338AD74E216EE9B50054AD36 /* Assets.xcassets in Resources */ = {isa = PBXBuildFile; fileRef = 338AD74D216EE9B50054AD36 /* Assets.xcassets */; };
		338AD751216EE9B50054AD36 /* LaunchScreen.storyboard in Resources */ = {isa = PBXBuildFile; fileRef = 338AD74F216EE9B50054AD36 /* LaunchScreen.storyboard */; };
		338AD754216EE9B50054AD36 /* main.m in Sources */ = {isa = PBXBuildFile; fileRef = 338AD753216EE9B50054AD36 /* main.m */; };
/* End PBXBuildFile section */

/* Begin PBXFileReference section */
		338AD741216EE9B50054AD36 /* 动态规划.app */ = {isa = PBXFileReference; explicitFileType = wrapper.application; includeInIndex = 0; path = "动态规划.app"; sourceTree = BUILT_PRODUCTS_DIR; };
		338AD744216EE9B50054AD36 /* AppDelegate.h */ = {isa = PBXFileReference; lastKnownFileType = sourcecode.c.h; path = AppDelegate.h; sourceTree = "<group>"; };
		338AD745216EE9B50054AD36 /* AppDelegate.m */ = {isa = PBXFileReference; lastKnownFileType = sourcecode.c.objc; path = AppDelegate.m; sourceTree = "<group>"; };
		338AD747216EE9B50054AD36 /* ViewController.h */ = {isa = PBXFileReference; lastKnownFileType = sourcecode.c.h; path = ViewController.h; sourceTree = "<group>"; };
		338AD748216EE9B50054AD36 /* ViewController.m */ = {isa = PBXFileReference; lastKnownFileType = sourcecode.c.objc; path = ViewController.m; sourceTree = "<group>"; };
		338AD74B216EE9B50054AD36 /* Base */ = {isa = PBXFileReference; lastKnownFileType = file.storyboard; name = Base; path = Base.lproj/Main.storyboard; sourceTree = "<group>"; };
		338AD74D216EE9B50054AD36 /* Assets.xcassets */ = {isa = PBXFileReference; lastKnownFileType = folder.assetcatalog; path = Assets.xcassets; sourceTree = "<group>"; };
		338AD750216EE9B50054AD36 /* Base */ = {isa = PBXFileReference; lastKnownFileType = file.storyboard; name = Base; path = Base.lproj/LaunchScreen.storyboard; sourceTree = "<group>"; };
		338AD752216EE9B50054AD36 /* Info.plist */ = {isa = PBXFileReference; lastKnownFileType = text.plist.xml; path = Info.plist; sourceTree = "<group>"; };
		338AD753216EE9B50054AD36 /* main.m */ = {isa = PBXFileReference; lastKnownFileType = sourcecode.c.objc; path = main.m; sourceTree = "<group>"; };
/* End PBXFileReference section */

/* Begin PBXFrameworksBuildPhase section */
		338AD73E216EE9B50054AD36 /* Frameworks */ = {
			isa = PBXFrameworksBuildPhase;
			buildActionMask = 2147483647;
			files = (
			);
			runOnlyForDeploymentPostprocessing = 0;
		};
/* End PBXFrameworksBuildPhase section */

/* Begin PBXGroup section */
		338AD738216EE9B50054AD36 = {
			isa = PBXGroup;
			children = (
				338AD743216EE9B50054AD36 /* 动态规划 */,
				338AD742216EE9B50054AD36 /* Products */,
			);
			sourceTree = "<group>";
		};
		338AD742216EE9B50054AD36 /* Products */ = {
			isa = PBXGroup;
			children = (
				338AD741216EE9B50054AD36 /* 动态规划.app */,
			);
			name = Products;
			sourceTree = "<group>";
		};
		338AD743216EE9B50054AD36 /* 动态规划 */ = {
			isa = PBXGroup;
			children = (
				338AD744216EE9B50054AD36 /* AppDelegate.h */,
				338AD745216EE9B50054AD36 /* AppDelegate.m */,
				338AD747216EE9B50054AD36 /* ViewController.h */,
				338AD748216EE9B50054AD36 /* ViewController.m */,
				338AD74A216EE9B50054AD36 /* Main.storyboard */,
				338AD74D216EE9B50054AD36 /* Assets.xcassets */,
				338AD74F216EE9B50054AD36 /* LaunchScreen.storyboard */,
				338AD752216EE9B50054AD36 /* Info.plist */,
				338AD753216EE9B50054AD36 /* main.m */,
			);
			path = "动态规划";
			sourceTree = "<group>";
		};
/* End PBXGroup section */

/* Begin PBXNativeTarget section */
		338AD740216EE9B50054AD36 /* 动态规划 */ = {
			isa = PBXNativeTarget;
			buildConfigurationList = 338AD757216EE9B50054AD36 /* Build configuration list for PBXNativeTarget "动态规划" */;
			buildPhases = (
				338AD73D216EE9B50054AD36 /* Sources */,
				338AD73E216EE9B50054AD36 /* Frameworks */,
				338AD73F216EE9B50054AD36 /* Resources */,
			);
			buildRules = (
			);
			dependencies = (
			);
			name = "动态规划";
			productName = "动态规划";
			productReference = 338AD741216EE9B50054AD36 /* 动态规划.app */;
			productType = "com.apple.product-type.application";
		};
/* End PBXNativeTarget section */

/* Begin PBXProject section */
		338AD739216EE9B50054AD36 /* Project object */ = {
			isa = PBXProject;
			attributes = {
				LastUpgradeCheck = 0910;
				ORGANIZATIONNAME = junxiang;
				TargetAttributes = {
					338AD740216EE9B50054AD36 = {
						CreatedOnToolsVersion = 9.1;
						ProvisioningStyle = Automatic;
					};
				};
			};
			buildConfigurationList = 338AD73C216EE9B50054AD36 /* Build configuration list for PBXProject "动态规划" */;
			compatibilityVersion = "Xcode 8.0";
			developmentRegion = en;
			hasScannedForEncodings = 0;
			knownRegions = (
				en,
				Base,
			);
			mainGroup = 338AD738216EE9B50054AD36;
			productRefGroup = 338AD742216EE9B50054AD36 /* Products */;
			projectDirPath = "";
			projectRoot = "";
			targets = (
				338AD740216EE9B50054AD36 /* 动态规划 */,
			);
		};
/* End PBXProject section */

/* Begin PBXResourcesBuildPhase section */
		338AD73F216EE9B50054AD36 /* Resources */ = {
			isa = PBXResourcesBuildPhase;
			buildActionMask = 2147483647;
			files = (
				338AD751216EE9B50054AD36 /* LaunchScreen.storyboard in Resources */,
				338AD74E216EE9B50054AD36 /* Assets.xcassets in Resources */,
				338AD74C216EE9B50054AD36 /* Main.storyboard in Resources */,
			);
			runOnlyForDeploymentPostprocessing = 0;
		};
/* End PBXResourcesBuildPhase section */

/* Begin PBXSourcesBuildPhase section */
		338AD73D216EE9B50054AD36 /* Sources */ = {
			isa = PBXSourcesBuildPhase;
			buildActionMask = 2147483647;
			files = (
				338AD749216EE9B50054AD36 /* ViewController.m in Sources */,
				338AD754216EE9B50054AD36 /* main.m in Sources */,
				338AD746216EE9B50054AD36 /* AppDelegate.m in Sources */,
			);
			runOnlyForDeploymentPostprocessing = 0;
		};
/* End PBXSourcesBuildPhase section */

/* Begin PBXVariantGroup section */
		338AD74A216EE9B50054AD36 /* Main.storyboard */ = {
			isa = PBXVariantGroup;
			children = (
				338AD74B216EE9B50054AD36 /* Base */,
			);
			name = Main.storyboard;
			sourceTree = "<group>";
		};
		338AD74F216EE9B50054AD36 /* LaunchScreen.storyboard */ = {
			isa = PBXVariantGroup;
			children = (
				338AD750216EE9B50054AD36 /* Base */,
			);
			name = LaunchScreen.storyboard;
			sourceTree = "<group>";
		};
/* End PBXVariantGroup section */

/* Begin XCBuildConfiguration section */
		338AD755216EE9B50054AD36 /* Debug */ = {
			isa = XCBuildConfiguration;
			buildSettings = {
				ALWAYS_SEARCH_USER_PATHS = NO;
				CLANG_ANALYZER_NONNULL = YES;
				CLANG_ANALYZER_NUMBER_OBJECT_CONVERSION = YES_AGGRESSIVE;
				CLANG_CXX_LANGUAGE_STANDARD = "gnu++14";
				CLANG_CXX_LIBRARY = "libc++";
				CLANG_ENABLE_MODULES = YES;
				CLANG_ENABLE_OBJC_ARC = YES;
				CLANG_WARN_BLOCK_CAPTURE_AUTORELEASING = YES;
				CLANG_WARN_BOOL_CONVERSION = YES;
				CLANG_WARN_COMMA = YES;
				CLANG_WARN_CONSTANT_CONVERSION = YES;
				CLANG_WARN_DIRECT_OBJC_ISA_USAGE = YES_ERROR;
				CLANG_WARN_DOCUMENTATION_COMMENTS = YES;
				CLANG_WARN_EMPTY_BODY = YES;
				CLANG_WARN_ENUM_CONVERSION = YES;
				CLANG_WARN_INFINITE_RECURSION = YES;
				CLANG_WARN_INT_CONVERSION = YES;
				CLANG_WARN_NON_LITERAL_NULL_CONVERSION = YES;
				CLANG_WARN_OBJC_LITERAL_CONVERSION = YES;
				CLANG_WARN_OBJC_ROOT_CLASS = YES_ERROR;
				CLANG_WARN_RANGE_LOOP_ANALYSIS = YES;
				CLANG_WARN_STRICT_PROTOTYPES = YES;
				CLANG_WARN_SUSPICIOUS_MOVE = YES;
				CLANG_WARN_UNGUARDED_AVAILABILITY = YES_AGGRESSIVE;
				CLANG_WARN_UNREACHABLE_CODE = YES;
				CLANG_WARN__DUPLICATE_METHOD_MATCH = YES;
				CODE_SIGN_IDENTITY = "iPhone Developer";
				COPY_PHASE_STRIP = NO;
				DEBUG_INFORMATION_FORMAT = dwarf;
				ENABLE_STRICT_OBJC_MSGSEND = YES;
				ENABLE_TESTABILITY = YES;
				GCC_C_LANGUAGE_STANDARD = gnu11;
				GCC_DYNAMIC_NO_PIC = NO;
				GCC_NO_COMMON_BLOCKS = YES;
				GCC_OPTIMIZATION_LEVEL = 0;
				GCC_PREPROCESSOR_DEFINITIONS = (
					"DEBUG=1",
					"$(inherited)",
				);
				GCC_WARN_64_TO_32_BIT_CONVERSION = YES;
				GCC_WARN_ABOUT_RETURN_TYPE = YES_ERROR;
				GCC_WARN_UNDECLARED_SELECTOR = YES;
				GCC_WARN_UNINITIALIZED_AUTOS = YES_AGGRESSIVE;
				GCC_WARN_UNUSED_FUNCTION = YES;
				GCC_WARN_UNUSED_VARIABLE = YES;
				IPHONEOS_DEPLOYMENT_TARGET = 11.1;
				MTL_ENABLE_DEBUG_INFO = YES;
				ONLY_ACTIVE_ARCH = YES;
				SDKROOT = iphoneos;
			};
			name = Debug;
		};
		338AD756216EE9B50054AD36 /* Release */ = {
			isa = XCBuildConfiguration;
			buildSettings = {
				ALWAYS_SEARCH_USER_PATHS = NO;
				CLANG_ANALYZER_NONNULL = YES;
				CLANG_ANALYZER_NUMBER_OBJECT_CONVERSION = YES_AGGRESSIVE;
				CLANG_CXX_LANGUAGE_STANDARD = "gnu++14";
				CLANG_CXX_LIBRARY = "libc++";
				CLANG_ENABLE_MODULES = YES;
				CLANG_ENABLE_OBJC_ARC = YES;
				CLANG_WARN_BLOCK_CAPTURE_AUTORELEASING = YES;
				CLANG_WARN_BOOL_CONVERSION = YES;
				CLANG_WARN_COMMA = YES;
				CLANG_WARN_CONSTANT_CONVERSION = YES;
				CLANG_WARN_DIRECT_OBJC_ISA_USAGE = YES_ERROR;
				CLANG_WARN_DOCUMENTATION_COMMENTS = YES;
				CLANG_WARN_EMPTY_BODY = YES;
				CLANG_WARN_ENUM_CONVERSION = YES;
				CLANG_WARN_INFINITE_RECURSION = YES;
				CLANG_WARN_INT_CONVERSION = YES;
				CLANG_WARN_NON_LITERAL_NULL_CONVERSION = YES;
				CLANG_WARN_OBJC_LITERAL_CONVERSION = YES;
				CLANG_WARN_OBJC_ROOT_CLASS = YES_ERROR;
				CLANG_WARN_RANGE_LOOP_ANALYSIS = YES;
				CLANG_WARN_STRICT_PROTOTYPES = YES;
				CLANG_WARN_SUSPICIOUS_MOVE = YES;
				CLANG_WARN_UNGUARDED_AVAILABILITY = YES_AGGRESSIVE;
				CLANG_WARN_UNREACHABLE_CODE = YES;
				CLANG_WARN__DUPLICATE_METHOD_MATCH = YES;
				CODE_SIGN_IDENTITY = "iPhone Developer";
				COPY_PHASE_STRIP = NO;
				DEBUG_INFORMATION_FORMAT = "dwarf-with-dsym";
				ENABLE_NS_ASSERTIONS = NO;
				ENABLE_STRICT_OBJC_MSGSEND = YES;
				GCC_C_LANGUAGE_STANDARD = gnu11;
				GCC_NO_COMMON_BLOCKS = YES;
				GCC_WARN_64_TO_32_BIT_CONVERSION = YES;
				GCC_WARN_ABOUT_RETURN_TYPE = YES_ERROR;
				GCC_WARN_UNDECLARED_SELECTOR = YES;
				GCC_WARN_UNINITIALIZED_AUTOS = YES_AGGRESSIVE;
				GCC_WARN_UNUSED_FUNCTION = YES;
				GCC_WARN_UNUSED_VARIABLE = YES;
				IPHONEOS_DEPLOYMENT_TARGET = 11.1;
				MTL_ENABLE_DEBUG_INFO = NO;
				SDKROOT = iphoneos;
				VALIDATE_PRODUCT = YES;
			};
			name = Release;
		};
		338AD758216EE9B50054AD36 /* Debug */ = {
			isa = XCBuildConfiguration;
			buildSettings = {
				ASSETCATALOG_COMPILER_APPICON_NAME = AppIcon;
				CODE_SIGN_STYLE = Automatic;
				INFOPLIST_FILE = "动态规划/Info.plist";
				LD_RUNPATH_SEARCH_PATHS = "$(inherited) @executable_path/Frameworks";
				PRODUCT_BUNDLE_IDENTIFIER = "JX.----";
				PRODUCT_NAME = "$(TARGET_NAME)";
				TARGETED_DEVICE_FAMILY = "1,2";
			};
			name = Debug;
		};
		338AD759216EE9B50054AD36 /* Release */ = {
			isa = XCBuildConfiguration;
			buildSettings = {
				ASSETCATALOG_COMPILER_APPICON_NAME = AppIcon;
				CODE_SIGN_STYLE = Automatic;
				INFOPLIST_FILE = "动态规划/Info.plist";
				LD_RUNPATH_SEARCH_PATHS = "$(inherited) @executable_path/Frameworks";
				PRODUCT_BUNDLE_IDENTIFIER = "JX.----";
				PRODUCT_NAME = "$(TARGET_NAME)";
				TARGETED_DEVICE_FAMILY = "1,2";
			};
			name = Release;
		};
/* End XCBuildConfiguration section */

/* Begin XCConfigurationList section */
		338AD73C216EE9B50054AD36 /* Build configuration list for PBXProject "动态规划" */ = {
			isa = XCConfigurationList;
			buildConfigurations = (
				338AD755216EE9B50054AD36 /* Debug */,
				338AD756216EE9B50054AD36 /* Release */,
			);
			defaultConfigurationIsVisible = 0;
			defaultConfigurationName = Release;
		};
		338AD757216EE9B50054AD36 /* Build configuration list for PBXNativeTarget "动态规划" */ = {
			isa = XCConfigurationList;
			buildConfigurations = (
				338AD758216EE9B50054AD36 /* Debug */,
				338AD759216EE9B50054AD36 /* Release */,
			);
			defaultConfigurationIsVisible = 0;
			defaultConfigurationName = Release;
		};
/* End XCConfigurationList section */
	};
	rootObject = 338AD739216EE9B50054AD36 /* Project object */;
}
