// !$*UTF8*$!
{
	archiveVersion = 1;
	classes = {
	};
	objectVersion = 46;
	objects = {

/* Begin PBXBuildFile section */
		331C08B91F01F373006AE8E0 /* MergeSort.swift in Sources */ = {isa = PBXBuildFile; fileRef = 331C08B81F01F373006AE8E0 /* MergeSort.swift */; };
		336881981F209F9600BE1E7D /* JXViewController.swift in Sources */ = {isa = PBXBuildFile; fileRef = 336881971F209F9600BE1E7D /* JXViewController.swift */; };
		3368819D1F20A55A00BE1E7D /* JXProblemController.swift in Sources */ = {isa = PBXBuildFile; fileRef = 3368819C1F20A55A00BE1E7D /* JXProblemController.swift */; };
		336881A01F20A69400BE1E7D /* JXTools.swift in Sources */ = {isa = PBXBuildFile; fileRef = 3368819F1F20A69400BE1E7D /* JXTools.swift */; };
		336881A21F20B75C00BE1E7D /* SortViewController.swift in Sources */ = {isa = PBXBuildFile; fileRef = 336881A11F20B75C00BE1E7D /* SortViewController.swift */; };
		336881A31F21934700BE1E7D /* Main.storyboard in Resources */ = {isa = PBXBuildFile; fileRef = C7BB148A1EFEA933000FF9A2 /* Main.storyboard */; };
		336881A61F21A33400BE1E7D /* BaseCell.swift in Sources */ = {isa = PBXBuildFile; fileRef = 336881A51F21A33400BE1E7D /* BaseCell.swift */; };
		336881A81F21D56100BE1E7D /* BaseProblemController.swift in Sources */ = {isa = PBXBuildFile; fileRef = 336881A71F21D56100BE1E7D /* BaseProblemController.swift */; };
		336881AA1F21D6C200BE1E7D /* BaseViewController.swift in Sources */ = {isa = PBXBuildFile; fileRef = 336881A91F21D6C200BE1E7D /* BaseViewController.swift */; };
		336881AC1F21ED5C00BE1E7D /* OneProblem.swift in Sources */ = {isa = PBXBuildFile; fileRef = 336881AB1F21ED5C00BE1E7D /* OneProblem.swift */; };
		336881AE1F21F2D900BE1E7D /* algorithmTools.swift in Sources */ = {isa = PBXBuildFile; fileRef = 336881AD1F21F2D900BE1E7D /* algorithmTools.swift */; };
		3380455F1F00D98F006CC47E /* QuickSort.swift in Sources */ = {isa = PBXBuildFile; fileRef = 3380455E1F00D98F006CC47E /* QuickSort.swift */; };
		C7BB14871EFEA933000FF9A2 /* AppDelegate.swift in Sources */ = {isa = PBXBuildFile; fileRef = C7BB14861EFEA933000FF9A2 /* AppDelegate.swift */; };
		C7BB148E1EFEA933000FF9A2 /* Assets.xcassets in Resources */ = {isa = PBXBuildFile; fileRef = C7BB148D1EFEA933000FF9A2 /* Assets.xcassets */; };
		C7BB14911EFEA933000FF9A2 /* LaunchScreen.storyboard in Resources */ = {isa = PBXBuildFile; fileRef = C7BB148F1EFEA933000FF9A2 /* LaunchScreen.storyboard */; };
		C7BB14991EFEA946000FF9A2 /* File.swift in Sources */ = {isa = PBXBuildFile; fileRef = C7BB14981EFEA946000FF9A2 /* File.swift */; };
		C7BB14AB1EFEAD75000FF9A2 /* BubbleSort.swift in Sources */ = {isa = PBXBuildFile; fileRef = C7BB14AA1EFEAD75000FF9A2 /* BubbleSort.swift */; };
		C7BB14AD1EFF6654000FF9A2 /* SortController.swift in Sources */ = {isa = PBXBuildFile; fileRef = C7BB14AC1EFF6654000FF9A2 /* SortController.swift */; };
		C7BB14AF1EFF81E6000FF9A2 /* SelectSort.swift in Sources */ = {isa = PBXBuildFile; fileRef = C7BB14AE1EFF81E6000FF9A2 /* SelectSort.swift */; };
		C7BB14B11EFFC16A000FF9A2 /* InsertSort.swift in Sources */ = {isa = PBXBuildFile; fileRef = C7BB14B01EFFC16A000FF9A2 /* InsertSort.swift */; };
/* End PBXBuildFile section */

/* Begin PBXFileReference section */
		331C08B81F01F373006AE8E0 /* MergeSort.swift */ = {isa = PBXFileReference; fileEncoding = 4; lastKnownFileType = sourcecode.swift; path = MergeSort.swift; sourceTree = "<group>"; };
		336881971F209F9600BE1E7D /* JXViewController.swift */ = {isa = PBXFileReference; fileEncoding = 4; lastKnownFileType = sourcecode.swift; path = JXViewController.swift; sourceTree = "<group>"; };
		3368819C1F20A55A00BE1E7D /* JXProblemController.swift */ = {isa = PBXFileReference; fileEncoding = 4; lastKnownFileType = sourcecode.swift; path = JXProblemController.swift; sourceTree = "<group>"; };
		3368819F1F20A69400BE1E7D /* JXTools.swift */ = {isa = PBXFileReference; fileEncoding = 4; lastKnownFileType = sourcecode.swift; path = JXTools.swift; sourceTree = "<group>"; };
		336881A11F20B75C00BE1E7D /* SortViewController.swift */ = {isa = PBXFileReference; fileEncoding = 4; lastKnownFileType = sourcecode.swift; path = SortViewController.swift; sourceTree = "<group>"; };
		336881A51F21A33400BE1E7D /* BaseCell.swift */ = {isa = PBXFileReference; fileEncoding = 4; lastKnownFileType = sourcecode.swift; path = BaseCell.swift; sourceTree = "<group>"; };
		336881A71F21D56100BE1E7D /* BaseProblemController.swift */ = {isa = PBXFileReference; fileEncoding = 4; lastKnownFileType = sourcecode.swift; path = BaseProblemController.swift; sourceTree = "<group>"; };
		336881A91F21D6C200BE1E7D /* BaseViewController.swift */ = {isa = PBXFileReference; fileEncoding = 4; lastKnownFileType = sourcecode.swift; path = BaseViewController.swift; sourceTree = "<group>"; };
		336881AB1F21ED5C00BE1E7D /* OneProblem.swift */ = {isa = PBXFileReference; fileEncoding = 4; lastKnownFileType = sourcecode.swift; path = OneProblem.swift; sourceTree = "<group>"; };
		336881AD1F21F2D900BE1E7D /* algorithmTools.swift */ = {isa = PBXFileReference; fileEncoding = 4; lastKnownFileType = sourcecode.swift; path = algorithmTools.swift; sourceTree = "<group>"; };
		3380455E1F00D98F006CC47E /* QuickSort.swift */ = {isa = PBXFileReference; fileEncoding = 4; lastKnownFileType = sourcecode.swift; path = QuickSort.swift; sourceTree = "<group>"; };
		C7BB14831EFEA933000FF9A2 /* algorithms.app */ = {isa = PBXFileReference; explicitFileType = wrapper.application; includeInIndex = 0; path = algorithms.app; sourceTree = BUILT_PRODUCTS_DIR; };
		C7BB14861EFEA933000FF9A2 /* AppDelegate.swift */ = {isa = PBXFileReference; lastKnownFileType = sourcecode.swift; path = AppDelegate.swift; sourceTree = "<group>"; };
		C7BB148B1EFEA933000FF9A2 /* Base */ = {isa = PBXFileReference; lastKnownFileType = file.storyboard; name = Base; path = Base.lproj/Main.storyboard; sourceTree = "<group>"; };
		C7BB148D1EFEA933000FF9A2 /* Assets.xcassets */ = {isa = PBXFileReference; lastKnownFileType = folder.assetcatalog; path = Assets.xcassets; sourceTree = "<group>"; };
		C7BB14901EFEA933000FF9A2 /* Base */ = {isa = PBXFileReference; lastKnownFileType = file.storyboard; name = Base; path = Base.lproj/LaunchScreen.storyboard; sourceTree = "<group>"; };
		C7BB14921EFEA933000FF9A2 /* Info.plist */ = {isa = PBXFileReference; lastKnownFileType = text.plist.xml; path = Info.plist; sourceTree = "<group>"; };
		C7BB14981EFEA946000FF9A2 /* File.swift */ = {isa = PBXFileReference; fileEncoding = 4; lastKnownFileType = sourcecode.swift; path = File.swift; sourceTree = "<group>"; };
		C7BB14AA1EFEAD75000FF9A2 /* BubbleSort.swift */ = {isa = PBXFileReference; fileEncoding = 4; lastKnownFileType = sourcecode.swift; path = BubbleSort.swift; sourceTree = "<group>"; };
		C7BB14AC1EFF6654000FF9A2 /* SortController.swift */ = {isa = PBXFileReference; fileEncoding = 4; lastKnownFileType = sourcecode.swift; path = SortController.swift; sourceTree = "<group>"; };
		C7BB14AE1EFF81E6000FF9A2 /* SelectSort.swift */ = {isa = PBXFileReference; fileEncoding = 4; lastKnownFileType = sourcecode.swift; path = SelectSort.swift; sourceTree = "<group>"; };
		C7BB14B01EFFC16A000FF9A2 /* InsertSort.swift */ = {isa = PBXFileReference; fileEncoding = 4; lastKnownFileType = sourcecode.swift; path = InsertSort.swift; sourceTree = "<group>"; };
/* End PBXFileReference section */

/* Begin PBXFrameworksBuildPhase section */
		C7BB14801EFEA933000FF9A2 /* Frameworks */ = {
			isa = PBXFrameworksBuildPhase;
			buildActionMask = 2147483647;
			files = (
			);
			runOnlyForDeploymentPostprocessing = 0;
		};
/* End PBXFrameworksBuildPhase section */

/* Begin PBXGroup section */
		3368819B1F20A53500BE1E7D /* problems */ = {
			isa = PBXGroup;
			children = (
				3368819C1F20A55A00BE1E7D /* JXProblemController.swift */,
				336881A71F21D56100BE1E7D /* BaseProblemController.swift */,
				336881AB1F21ED5C00BE1E7D /* OneProblem.swift */,
			);
			path = problems;
			sourceTree = "<group>";
		};
		3368819E1F20A62A00BE1E7D /* tools */ = {
			isa = PBXGroup;
			children = (
				3368819F1F20A69400BE1E7D /* JXTools.swift */,
				336881AD1F21F2D900BE1E7D /* algorithmTools.swift */,
			);
			path = tools;
			sourceTree = "<group>";
		};
		336881A41F21A30E00BE1E7D /* baseView */ = {
			isa = PBXGroup;
			children = (
				336881A51F21A33400BE1E7D /* BaseCell.swift */,
				336881A91F21D6C200BE1E7D /* BaseViewController.swift */,
			);
			path = baseView;
			sourceTree = "<group>";
		};
		C7BB147A1EFEA933000FF9A2 = {
			isa = PBXGroup;
			children = (
				C7BB14851EFEA933000FF9A2 /* algorithms */,
				C7BB14841EFEA933000FF9A2 /* Products */,
			);
			sourceTree = "<group>";
		};
		C7BB14841EFEA933000FF9A2 /* Products */ = {
			isa = PBXGroup;
			children = (
				C7BB14831EFEA933000FF9A2 /* algorithms.app */,
			);
			name = Products;
			sourceTree = "<group>";
		};
		C7BB14851EFEA933000FF9A2 /* algorithms */ = {
			isa = PBXGroup;
			children = (
				336881A41F21A30E00BE1E7D /* baseView */,
				3368819E1F20A62A00BE1E7D /* tools */,
				3368819B1F20A53500BE1E7D /* problems */,
				C7BB14A71EFEAD2A000FF9A2 /* allAlgorithms */,
				C7BB14861EFEA933000FF9A2 /* AppDelegate.swift */,
				336881971F209F9600BE1E7D /* JXViewController.swift */,
				C7BB14981EFEA946000FF9A2 /* File.swift */,
				C7BB148A1EFEA933000FF9A2 /* Main.storyboard */,
				C7BB148D1EFEA933000FF9A2 /* Assets.xcassets */,
				C7BB148F1EFEA933000FF9A2 /* LaunchScreen.storyboard */,
				C7BB14921EFEA933000FF9A2 /* Info.plist */,
			);
			path = algorithms;
			sourceTree = "<group>";
		};
		C7BB14A71EFEAD2A000FF9A2 /* allAlgorithms */ = {
			isa = PBXGroup;
			children = (
				336881A11F20B75C00BE1E7D /* SortViewController.swift */,
				C7BB14AC1EFF6654000FF9A2 /* SortController.swift */,
				C7BB14AA1EFEAD75000FF9A2 /* BubbleSort.swift */,
				C7BB14AE1EFF81E6000FF9A2 /* SelectSort.swift */,
				C7BB14B01EFFC16A000FF9A2 /* InsertSort.swift */,
				3380455E1F00D98F006CC47E /* QuickSort.swift */,
				331C08B81F01F373006AE8E0 /* MergeSort.swift */,
			);
			path = allAlgorithms;
			sourceTree = "<group>";
		};
/* End PBXGroup section */

/* Begin PBXNativeTarget section */
		C7BB14821EFEA933000FF9A2 /* algorithms */ = {
			isa = PBXNativeTarget;
			buildConfigurationList = C7BB14951EFEA933000FF9A2 /* Build configuration list for PBXNativeTarget "algorithms" */;
			buildPhases = (
				C7BB147F1EFEA933000FF9A2 /* Sources */,
				C7BB14801EFEA933000FF9A2 /* Frameworks */,
				C7BB14811EFEA933000FF9A2 /* Resources */,
			);
			buildRules = (
			);
			dependencies = (
			);
			name = algorithms;
			productName = algorithms;
			productReference = C7BB14831EFEA933000FF9A2 /* algorithms.app */;
			productType = "com.apple.product-type.application";
		};
/* End PBXNativeTarget section */

/* Begin PBXProject section */
		C7BB147B1EFEA933000FF9A2 /* Project object */ = {
			isa = PBXProject;
			attributes = {
				LastSwiftUpdateCheck = 0830;
				LastUpgradeCheck = 0830;
				ORGANIZATIONNAME = "俊祥";
				TargetAttributes = {
					C7BB14821EFEA933000FF9A2 = {
						CreatedOnToolsVersion = 8.3.2;
						ProvisioningStyle = Automatic;
					};
				};
			};
			buildConfigurationList = C7BB147E1EFEA933000FF9A2 /* Build configuration list for PBXProject "algorithms" */;
			compatibilityVersion = "Xcode 3.2";
			developmentRegion = English;
			hasScannedForEncodings = 0;
			knownRegions = (
				en,
				Base,
			);
			mainGroup = C7BB147A1EFEA933000FF9A2;
			productRefGroup = C7BB14841EFEA933000FF9A2 /* Products */;
			projectDirPath = "";
			projectRoot = "";
			targets = (
				C7BB14821EFEA933000FF9A2 /* algorithms */,
			);
		};
/* End PBXProject section */

/* Begin PBXResourcesBuildPhase section */
		C7BB14811EFEA933000FF9A2 /* Resources */ = {
			isa = PBXResourcesBuildPhase;
			buildActionMask = 2147483647;
			files = (
				336881A31F21934700BE1E7D /* Main.storyboard in Resources */,
				C7BB14911EFEA933000FF9A2 /* LaunchScreen.storyboard in Resources */,
				C7BB148E1EFEA933000FF9A2 /* Assets.xcassets in Resources */,
			);
			runOnlyForDeploymentPostprocessing = 0;
		};
/* End PBXResourcesBuildPhase section */

/* Begin PBXSourcesBuildPhase section */
		C7BB147F1EFEA933000FF9A2 /* Sources */ = {
			isa = PBXSourcesBuildPhase;
			buildActionMask = 2147483647;
			files = (
				C7BB14AF1EFF81E6000FF9A2 /* SelectSort.swift in Sources */,
				336881AE1F21F2D900BE1E7D /* algorithmTools.swift in Sources */,
				C7BB14B11EFFC16A000FF9A2 /* InsertSort.swift in Sources */,
				C7BB14991EFEA946000FF9A2 /* File.swift in Sources */,
				336881981F209F9600BE1E7D /* JXViewController.swift in Sources */,
				C7BB14871EFEA933000FF9A2 /* AppDelegate.swift in Sources */,
				336881AA1F21D6C200BE1E7D /* BaseViewController.swift in Sources */,
				336881AC1F21ED5C00BE1E7D /* OneProblem.swift in Sources */,
				336881A61F21A33400BE1E7D /* BaseCell.swift in Sources */,
				336881A81F21D56100BE1E7D /* BaseProblemController.swift in Sources */,
				C7BB14AD1EFF6654000FF9A2 /* SortController.swift in Sources */,
				336881A21F20B75C00BE1E7D /* SortViewController.swift in Sources */,
				336881A01F20A69400BE1E7D /* JXTools.swift in Sources */,
				331C08B91F01F373006AE8E0 /* MergeSort.swift in Sources */,
				C7BB14AB1EFEAD75000FF9A2 /* BubbleSort.swift in Sources */,
				3380455F1F00D98F006CC47E /* QuickSort.swift in Sources */,
				3368819D1F20A55A00BE1E7D /* JXProblemController.swift in Sources */,
			);
			runOnlyForDeploymentPostprocessing = 0;
		};
/* End PBXSourcesBuildPhase section */

/* Begin PBXVariantGroup section */
		C7BB148A1EFEA933000FF9A2 /* Main.storyboard */ = {
			isa = PBXVariantGroup;
			children = (
				C7BB148B1EFEA933000FF9A2 /* Base */,
			);
			name = Main.storyboard;
			sourceTree = "<group>";
		};
		C7BB148F1EFEA933000FF9A2 /* LaunchScreen.storyboard */ = {
			isa = PBXVariantGroup;
			children = (
				C7BB14901EFEA933000FF9A2 /* Base */,
			);
			name = LaunchScreen.storyboard;
			sourceTree = "<group>";
		};
/* End PBXVariantGroup section */

/* Begin XCBuildConfiguration section */
		C7BB14931EFEA933000FF9A2 /* Debug */ = {
			isa = XCBuildConfiguration;
			buildSettings = {
				ALWAYS_SEARCH_USER_PATHS = NO;
				CLANG_ANALYZER_NONNULL = YES;
				CLANG_ANALYZER_NUMBER_OBJECT_CONVERSION = YES_AGGRESSIVE;
				CLANG_CXX_LANGUAGE_STANDARD = "gnu++0x";
				CLANG_CXX_LIBRARY = "libc++";
				CLANG_ENABLE_MODULES = YES;
				CLANG_ENABLE_OBJC_ARC = YES;
				CLANG_WARN_BOOL_CONVERSION = YES;
				CLANG_WARN_CONSTANT_CONVERSION = YES;
				CLANG_WARN_DIRECT_OBJC_ISA_USAGE = YES_ERROR;
				CLANG_WARN_DOCUMENTATION_COMMENTS = YES;
				CLANG_WARN_EMPTY_BODY = YES;
				CLANG_WARN_ENUM_CONVERSION = YES;
				CLANG_WARN_INFINITE_RECURSION = YES;
				CLANG_WARN_INT_CONVERSION = YES;
				CLANG_WARN_OBJC_ROOT_CLASS = YES_ERROR;
				CLANG_WARN_SUSPICIOUS_MOVE = YES;
				CLANG_WARN_UNREACHABLE_CODE = YES;
				CLANG_WARN__DUPLICATE_METHOD_MATCH = YES;
				"CODE_SIGN_IDENTITY[sdk=iphoneos*]" = "iPhone Developer";
				COPY_PHASE_STRIP = NO;
				DEBUG_INFORMATION_FORMAT = dwarf;
				ENABLE_STRICT_OBJC_MSGSEND = YES;
				ENABLE_TESTABILITY = YES;
				GCC_C_LANGUAGE_STANDARD = gnu99;
				GCC_DYNAMIC_NO_PIC = NO;
				GCC_NO_COMMON_BLOCKS = YES;
				GCC_OPTIMIZATION_LEVEL = 0;
				GCC_PREPROCESSOR_DEFINITIONS = (
					"DEBUG=1",
					"$(inherited)",
				);
				GCC_WARN_64_TO_32_BIT_CONVERSION = YES;
				GCC_WARN_ABOUT_RETURN_TYPE = YES_ERROR;
				GCC_WARN_UNDECLARED_SELECTOR = YES;
				GCC_WARN_UNINITIALIZED_AUTOS = YES_AGGRESSIVE;
				GCC_WARN_UNUSED_FUNCTION = YES;
				GCC_WARN_UNUSED_VARIABLE = YES;
				IPHONEOS_DEPLOYMENT_TARGET = 10.3;
				MTL_ENABLE_DEBUG_INFO = YES;
				ONLY_ACTIVE_ARCH = YES;
				SDKROOT = iphoneos;
				SWIFT_ACTIVE_COMPILATION_CONDITIONS = DEBUG;
				SWIFT_OPTIMIZATION_LEVEL = "-Onone";
				TARGETED_DEVICE_FAMILY = "1,2";
			};
			name = Debug;
		};
		C7BB14941EFEA933000FF9A2 /* Release */ = {
			isa = XCBuildConfiguration;
			buildSettings = {
				ALWAYS_SEARCH_USER_PATHS = NO;
				CLANG_ANALYZER_NONNULL = YES;
				CLANG_ANALYZER_NUMBER_OBJECT_CONVERSION = YES_AGGRESSIVE;
				CLANG_CXX_LANGUAGE_STANDARD = "gnu++0x";
				CLANG_CXX_LIBRARY = "libc++";
				CLANG_ENABLE_MODULES = YES;
				CLANG_ENABLE_OBJC_ARC = YES;
				CLANG_WARN_BOOL_CONVERSION = YES;
				CLANG_WARN_CONSTANT_CONVERSION = YES;
				CLANG_WARN_DIRECT_OBJC_ISA_USAGE = YES_ERROR;
				CLANG_WARN_DOCUMENTATION_COMMENTS = YES;
				CLANG_WARN_EMPTY_BODY = YES;
				CLANG_WARN_ENUM_CONVERSION = YES;
				CLANG_WARN_INFINITE_RECURSION = YES;
				CLANG_WARN_INT_CONVERSION = YES;
				CLANG_WARN_OBJC_ROOT_CLASS = YES_ERROR;
				CLANG_WARN_SUSPICIOUS_MOVE = YES;
				CLANG_WARN_UNREACHABLE_CODE = YES;
				CLANG_WARN__DUPLICATE_METHOD_MATCH = YES;
				"CODE_SIGN_IDENTITY[sdk=iphoneos*]" = "iPhone Developer";
				COPY_PHASE_STRIP = NO;
				DEBUG_INFORMATION_FORMAT = "dwarf-with-dsym";
				ENABLE_NS_ASSERTIONS = NO;
				ENABLE_STRICT_OBJC_MSGSEND = YES;
				GCC_C_LANGUAGE_STANDARD = gnu99;
				GCC_NO_COMMON_BLOCKS = YES;
				GCC_WARN_64_TO_32_BIT_CONVERSION = YES;
				GCC_WARN_ABOUT_RETURN_TYPE = YES_ERROR;
				GCC_WARN_UNDECLARED_SELECTOR = YES;
				GCC_WARN_UNINITIALIZED_AUTOS = YES_AGGRESSIVE;
				GCC_WARN_UNUSED_FUNCTION = YES;
				GCC_WARN_UNUSED_VARIABLE = YES;
				IPHONEOS_DEPLOYMENT_TARGET = 10.3;
				MTL_ENABLE_DEBUG_INFO = NO;
				SDKROOT = iphoneos;
				SWIFT_OPTIMIZATION_LEVEL = "-Owholemodule";
				TARGETED_DEVICE_FAMILY = "1,2";
				VALIDATE_PRODUCT = YES;
			};
			name = Release;
		};
		C7BB14961EFEA933000FF9A2 /* Debug */ = {
			isa = XCBuildConfiguration;
			buildSettings = {
				ASSETCATALOG_COMPILER_APPICON_NAME = AppIcon;
				INFOPLIST_FILE = algorithms/Info.plist;
				LD_RUNPATH_SEARCH_PATHS = "$(inherited) @executable_path/Frameworks";
				PRODUCT_BUNDLE_IDENTIFIER = JX.algorithms;
				PRODUCT_NAME = "$(TARGET_NAME)";
				SWIFT_VERSION = 3.0;
			};
			name = Debug;
		};
		C7BB14971EFEA933000FF9A2 /* Release */ = {
			isa = XCBuildConfiguration;
			buildSettings = {
				ASSETCATALOG_COMPILER_APPICON_NAME = AppIcon;
				INFOPLIST_FILE = algorithms/Info.plist;
				LD_RUNPATH_SEARCH_PATHS = "$(inherited) @executable_path/Frameworks";
				PRODUCT_BUNDLE_IDENTIFIER = JX.algorithms;
				PRODUCT_NAME = "$(TARGET_NAME)";
				SWIFT_VERSION = 3.0;
			};
			name = Release;
		};
/* End XCBuildConfiguration section */

/* Begin XCConfigurationList section */
		C7BB147E1EFEA933000FF9A2 /* Build configuration list for PBXProject "algorithms" */ = {
			isa = XCConfigurationList;
			buildConfigurations = (
				C7BB14931EFEA933000FF9A2 /* Debug */,
				C7BB14941EFEA933000FF9A2 /* Release */,
			);
			defaultConfigurationIsVisible = 0;
			defaultConfigurationName = Release;
		};
		C7BB14951EFEA933000FF9A2 /* Build configuration list for PBXNativeTarget "algorithms" */ = {
			isa = XCConfigurationList;
			buildConfigurations = (
				C7BB14961EFEA933000FF9A2 /* Debug */,
				C7BB14971EFEA933000FF9A2 /* Release */,
			);
			defaultConfigurationIsVisible = 0;
			defaultConfigurationName = Release;
		};
/* End XCConfigurationList section */
	};
	rootObject = C7BB147B1EFEA933000FF9A2 /* Project object */;
}
